(setq el-get-lock-package-versions
      '((doom-modeline :checksum "a51cfe75988e70322e0b7182fa0266eb6c4bdfe3")
        (shrink-path :checksum "c14882c8599aec79a6e8ef2d06454254bb3e1e41")
        (eldoc-eval :checksum "e91800503c90cb75dc70abe42f1d6ae499346cc1")
        (doom-themes :checksum "aa13e7fc713d458f46f4ab7cce367fd30d801765")
        (all-the-icons :checksum "4a4d6269b8b85b0b15954f063e6ce378630d80c0")
        (company-mode :checksum "35408c0ac3a730908fbce0810f8d159eb353c1d5")
        (flycheck :checksum "600b3bffda3862121d96bbc5c1f8990fa9033a82")
        (lsp-python-ms :checksum "f8e7c4bcaefbc3fd96e1ca53d17589be0403b828")
        (lsp-ivy :checksum "9ecf4dd9b1207109802bd1882aa621eb1c385106")
        (lsp-ui :checksum "d8cce7dc154aa3216c080dd5c6fb827bdba9a312")
        (lsp-mode :checksum "76d87d8f2020fc468d416d5fb3d088505b9cc4ac")
        (f :checksum "85c91f95f8b98e153fd959ae467b46bf79622c5d")
        (s :checksum "e957dcb0677da18b2bb60ad867db5df5c35b5616")
        (ht :checksum "c4c1be487d6ecb353d07881526db05d7fc90ea87")
        (spinner :checksum "bca794fa6f6b007292cdac9b0a850a3711986db5")
        (markdown-mode :checksum "3f1c61b25cb0677122414e9ea14064a13e548c36")
        (git-gutter :checksum "9ff2f5c8a9260cb04e0cbef07b6f247f0833efd5")
        (magit :checksum "c1def981857614f737561ff38bac89fc19d4bc21")
        (transient :checksum "6b9c93af9c1d1646be4445656c46ee9390c9f129")
        (with-editor :checksum "1d5860cfd05d6805018bd071b8f9b56493ba11c6")
        (hydra :checksum "9e9e00cb240ea1903ffd36a54956b3902c379d29")
        (neotree :checksum "5e1271655170f4cdc6849258e383c548a4e6e3d0")
        (projectile :checksum "20aa2adccc1ecb19f54f2fbc428b4904071fcab8")
        (pkg-info :checksum "76ba7415480687d05a4353b27fea2ae02b8d9d61")
        (epl :checksum "78ab7a85c08222cd15582a298a364774e3282ce6")
        (dash :checksum "0ac1ecf6b56eb67bb81a3cf70f8d4354b5782341")
        (memoize :checksum "51b075935ca7070f62fae1d69fe0ff7d8fa56fdd")
        (all-the-icons\.el :checksum "4a4d6269b8b85b0b15954f063e6ce378630d80c0")
        (swiper :checksum "2051de5882706246da298ce5f60482cd7f469fe7")
        (avy :checksum "ba5f035be33693d1a136a5cbeedb24327f551a92")
        (init-loader :checksum "ecab5a66b40227c4173992adfa5cfeae09f1657e")))
(setq el-get-lock-locked-packages 'nil)
(setq el-get-lock-unlocked-packages
      '(el-get-lock))
