(setq el-get-lock-package-versions
      '((doom-themes :checksum "74ebd778571a2ba2a490d45a3f4161ea7251e050")
        (all-the-icons :checksum "6917b08f64dd8487e23769433d6cb9ba11f4152f")
        (lsp-python-ms :checksum "c4ebc7a11398733055a1dc07f9cffacd04d1c2dc")
        (company-lsp :checksum "f921ffa0cdc542c21dc3dd85f2c93df4288e83bd")
        (dap-mode :checksum "e582ff90c104703ed65c1f3174d4c4690e9cf1fd")
        (lsp-ivy :checksum "c70ee8b54357c56d1b972393ee53e57a2e545fbb")
        (company-mode :checksum "97cfbc3967c195fb4ccb171735b9b1dea97e681a")
        (flycheck :checksum "79c9245ee0bd1722d41c865fef69aa2b1ac08fde")
        (lsp-ui :checksum "b1693d610c4d2c44305eba2719e8d4097fdcdcb8")
        (lsp-mode :checksum "182cac1f5853c060ff78459a5dbfaf2e552c0d20")
        (f :checksum "1814209e2ff43cf2e6d38c4cd476218915f550fb")
        (s :checksum "43ba8b563bee3426cead0e6d4ddc09398e1a349d")
        (ht :checksum "2850301d19176b8d3bb6cc8d95af6ab7e529bd56")
        (spinner :checksum "d15e7a7b6395be69acda9d6464acc81d3e2ad07d")
        (markdown-mode :checksum "dcad5572a30fce51b97963d3c869cce227c223a1")
        (init-loader :checksum "44829fa70f5c4cba03d36db5fa2c969001325b91")
        (git-gutter :checksum "db0e794fa97e4c902bbdf51b234cb68c993c71ae")
        (magit :checksum "8ba17a5df9c23e61beef3b4d4616e1f0b0c5f871")
        (transient :checksum "e2fee1987902fb9963c85a62fa680082a878d460")
        (with-editor :checksum "6735180e73e787b79535c245b162249b70dbf841")
        (hydra :checksum "112e689f75b59398d8eca79ac6562dca12b8a959")
        (neotree :checksum "5e1271655170f4cdc6849258e383c548a4e6e3d0")
        (projectile :checksum "d1daf274e8ca2eb0f20475b8f314bb955167c6a1")
        (pkg-info :checksum "76ba7415480687d05a4353b27fea2ae02b8d9d61")
        (epl :checksum "78ab7a85c08222cd15582a298a364774e3282ce6")
        (dash :checksum "0f238a9a466879ee96e5db0482019453718f342d")
        (memoize :checksum "51b075935ca7070f62fae1d69fe0ff7d8fa56fdd")
        (all-the-icons\.el :checksum "6917b08f64dd8487e23769433d6cb9ba11f4152f")
        (swiper :checksum "6a22192f11a4aa0d43692bf685fd9b9d75911d00")
        (avy :checksum "bbf1e7339eba06784dfe86643bb0fbddf5bb0342")))
(setq el-get-lock-locked-packages 'nil)
(setq el-get-lock-unlocked-packages
      '(el-get-lock))
