(setq el-get-lock-package-versions
      '((company-mode :checksum "5f5949b6ae8ea9df94c6cb3e01d9cae43623b794")
        (s :checksum "43ba8b563bee3426cead0e6d4ddc09398e1a349d")
        (avy :checksum "bbf1e7339eba06784dfe86643bb0fbddf5bb0342")
        (memoize :checksum "51b075935ca7070f62fae1d69fe0ff7d8fa56fdd")
        (all-the-icons\.el :checksum "6917b08f64dd8487e23769433d6cb9ba11f4152f")))
(setq el-get-lock-locked-packages 'nil)
(setq el-get-lock-unlocked-packages
      '(el-get-lock))
